
Microsoft Visual Studio Solution File, Format Version 12.00
# Visual Studio Version 16
VisualStudioVersion = 25.0.1703.8
MinimumVisualStudioVersion = 10.0.40219.1
Project("{FAE04EC0-301F-11D3-BF4B-00C04F79EFBC}") = "Hello_Mac", "Hello_Mac\Hello_Mac.csproj", "{57A26086-E822-4971-B2DA-404A133A72E9}"
EndProject
Global
	GlobalSection(SolutionConfigurationPlatforms) = preSolution
		Debug|Any CPU = Debug|Any CPU
		Release|Any CPU = Release|Any CPU
	EndGlobalSection
	GlobalSection(ProjectConfigurationPlatforms) = postSolution
		{57A26086-E822-4971-B2DA-404A133A72E9}.Debug|Any CPU.ActiveCfg = Debug|Any CPU
		{57A26086-E822-4971-B2DA-404A133A72E9}.Debug|Any CPU.Build.0 = Debug|Any CPU
		{57A26086-E822-4971-B2DA-404A133A72E9}.Release|Any CPU.ActiveCfg = Release|Any CPU
		{57A26086-E822-4971-B2DA-404A133A72E9}.Release|Any CPU.Build.0 = Release|Any CPU
	EndGlobalSection
	GlobalSection(SolutionProperties) = preSolution
		HideSolutionNode = FALSE
	EndGlobalSection
	GlobalSection(ExtensibilityGlobals) = postSolution
		SolutionGuid = {9CF1947C-9114-4799-8568-530BC4796065}
	EndGlobalSection
EndGlobal
